
Microsoft Visual Studio Solution File, Format Version 12.00
# Visual Studio Version 17
VisualStudioVersion = 17.0.32112.339
MinimumVisualStudioVersion = 10.0.40219.1
Project("{FAE04EC0-301F-11D3-BF4B-00C04F79EFBC}") = "Zarinpal REST", "Zarinpal REST\Zarinpal REST.csproj", "{075E56F0-B4AE-486B-8E61-9BE86C0BA5F6}"
EndProject
Global
	GlobalSection(SolutionConfigurationPlatforms) = preSolution
		Debug|Any CPU = Debug|Any CPU
		Release|Any CPU = Release|Any CPU
	EndGlobalSection
	GlobalSection(ProjectConfigurationPlatforms) = postSolution
		{075E56F0-B4AE-486B-8E61-9BE86C0BA5F6}.Debug|Any CPU.ActiveCfg = Debug|Any CPU
		{075E56F0-B4AE-486B-8E61-9BE86C0BA5F6}.Debug|Any CPU.Build.0 = Debug|Any CPU
		{075E56F0-B4AE-486B-8E61-9BE86C0BA5F6}.Release|Any CPU.ActiveCfg = Release|Any CPU
		{075E56F0-B4AE-486B-8E61-9BE86C0BA5F6}.Release|Any CPU.Build.0 = Release|Any CPU
	EndGlobalSection
	GlobalSection(SolutionProperties) = preSolution
		HideSolutionNode = FALSE
	EndGlobalSection
	GlobalSection(ExtensibilityGlobals) = postSolution
		SolutionGuid = {927BBB7C-0AEA-4B65-8DF9-04558A8DC648}
	EndGlobalSection
EndGlobal
